
Microsoft Visual Studio Solution File, Format Version 12.00
# Visual Studio Version 17
VisualStudioVersion = 17.11.35312.102
MinimumVisualStudioVersion = 10.0.40219.1
Project("{2150E333-8FDC-42A3-9474-1A3956D46DE8}") = "Web", "Web", "{93EF63D2-F88C-45A8-A833-653989757DFE}"
EndProject
Project("{2150E333-8FDC-42A3-9474-1A3956D46DE8}") = "Data", "Data", "{38EA219E-A726-46FD-ACCE-7558656F4116}"
EndProject
Project("{2150E333-8FDC-42A3-9474-1A3956D46DE8}") = "Services", "Services", "{1352A304-7786-43CE-915E-8D6FFD4E0E13}"
EndProject
Project("{2150E333-8FDC-42A3-9474-1A3956D46DE8}") = "Tests", "Tests", "{F5309D7D-C09A-4F63-9926-BBF0D4623380}"
EndProject
Project("{FAE04EC0-301F-11D3-BF4B-00C04F79EFBC}") = "DoorsWebProject.Data", "DoorsWebProject.Data\DoorsWebProject.Data.csproj", "{D8B605D5-9EB6-D1F0-3A22-1CFD96D06652}"
EndProject
Project("{FAE04EC0-301F-11D3-BF4B-00C04F79EFBC}") = "DoorsWebProject.Data.Models", "DoorsWebProject.Data.Models\DoorsWebProject.Data.Models.csproj", "{7C2675BF-927D-229A-1C4F-C04BC07E9B91}"
EndProject
Project("{FAE04EC0-301F-11D3-BF4B-00C04F79EFBC}") = "DoorsWebProject.Data.Common", "DoorsWebProject.Data.Common\DoorsWebProject.Data.Common.csproj", "{A5164F0A-C72F-3321-E2E2-1B9D8D41DFC0}"
EndProject
Project("{FAE04EC0-301F-11D3-BF4B-00C04F79EFBC}") = "DoorsWebProject.Services.AutoMapping", "DoorsWebProject.Services.AutoMapping\DoorsWebProject.Services.AutoMapping.csproj", "{66EEE9DC-65BB-0481-096A-08A13AFD5AD6}"
EndProject
Project("{FAE04EC0-301F-11D3-BF4B-00C04F79EFBC}") = "DoorsWebProject.Services.Common", "DoorsWebProject.Services.Common\DoorsWebProject.Services.Common.csproj", "{41466F2D-AB85-A30B-CFE6-5578A29BC1E8}"
EndProject
Project("{FAE04EC0-301F-11D3-BF4B-00C04F79EFBC}") = "DoorsWebProject.Services.Core", "DoorsWebProject.Services.Core\DoorsWebProject.Services.Core.csproj", "{D6105CC5-9956-951D-2954-CFF1765FC72E}"
EndProject
Project("{FAE04EC0-301F-11D3-BF4B-00C04F79EFBC}") = "DoorsWebProject.Web", "DoorsWebProject.Web\DoorsWebProject.Web.csproj", "{55FB0855-96E9-75B3-BFEE-6B1FAD03DFA4}"
EndProject
Project("{FAE04EC0-301F-11D3-BF4B-00C04F79EFBC}") = "DoorsWebProject.Web.Infrastructure", "DoorsWebProject.Web.Infrastructure\DoorsWebProject.Web.Infrastructure.csproj", "{33D7BEF1-7A25-7395-DED4-DB698813BA34}"
EndProject
Project("{FAE04EC0-301F-11D3-BF4B-00C04F79EFBC}") = "DoorsWebProject.Web.ViewModels", "DoorsWebProject.Web.ViewModels\DoorsWebProject.Web.ViewModels.csproj", "{458100AC-455A-A4B9-0903-0CCA871B40F3}"
EndProject
Project("{FAE04EC0-301F-11D3-BF4B-00C04F79EFBC}") = "DoorsWebProject.GCommon", "DoorsWebProject.GCommon\DoorsWebProject.GCommon.csproj", "{DE46C99F-74E5-CDA6-1875-FFE1E2C90799}"
EndProject
Project("{FAE04EC0-301F-11D3-BF4B-00C04F79EFBC}") = "DoorsWebProject.IntegrationTests", "DoorsWebProject.IntegrationTests\DoorsWebProject.IntegrationTests.csproj", "{AC3429DC-C68E-A823-9426-D0898444C069}"
EndProject
Project("{FAE04EC0-301F-11D3-BF4B-00C04F79EFBC}") = "DoorsWebProject.Web.Tests", "DoorsWebProject.Web.Tests\DoorsWebProject.Web.Tests.csproj", "{0BEF6F34-CED5-2A9E-6305-3C400F3106E8}"
EndProject
Project("{FAE04EC0-301F-11D3-BF4B-00C04F79EFBC}") = "DoorsWebProject.Services.Core.Tests", "DoorsWebProject.Services.Core.Tests\DoorsWebProject.Services.Core.Tests.csproj", "{B4667488-6C8B-04E7-BF56-D707E0F290B2}"
EndProject
Project("{FAE04EC0-301F-11D3-BF4B-00C04F79EFBC}") = "DoorsWebProject.WebApi", "DoorsApp.WebApi\DoorsWebProject.WebApi.csproj", "{F62BB926-12D8-4794-B2B4-D09255870E64}"
EndProject
Global
	GlobalSection(SolutionConfigurationPlatforms) = preSolution
		Debug|Any CPU = Debug|Any CPU
		Release|Any CPU = Release|Any CPU
	EndGlobalSection
	GlobalSection(ProjectConfigurationPlatforms) = postSolution
		{D8B605D5-9EB6-D1F0-3A22-1CFD96D06652}.Debug|Any CPU.ActiveCfg = Debug|Any CPU
		{D8B605D5-9EB6-D1F0-3A22-1CFD96D06652}.Debug|Any CPU.Build.0 = Debug|Any CPU
		{D8B605D5-9EB6-D1F0-3A22-1CFD96D06652}.Release|Any CPU.ActiveCfg = Release|Any CPU
		{D8B605D5-9EB6-D1F0-3A22-1CFD96D06652}.Release|Any CPU.Build.0 = Release|Any CPU
		{7C2675BF-927D-229A-1C4F-C04BC07E9B91}.Debug|Any CPU.ActiveCfg = Debug|Any CPU
		{7C2675BF-927D-229A-1C4F-C04BC07E9B91}.Debug|Any CPU.Build.0 = Debug|Any CPU
		{7C2675BF-927D-229A-1C4F-C04BC07E9B91}.Release|Any CPU.ActiveCfg = Release|Any CPU
		{7C2675BF-927D-229A-1C4F-C04BC07E9B91}.Release|Any CPU.Build.0 = Release|Any CPU
		{A5164F0A-C72F-3321-E2E2-1B9D8D41DFC0}.Debug|Any CPU.ActiveCfg = Debug|Any CPU
		{A5164F0A-C72F-3321-E2E2-1B9D8D41DFC0}.Debug|Any CPU.Build.0 = Debug|Any CPU
		{A5164F0A-C72F-3321-E2E2-1B9D8D41DFC0}.Release|Any CPU.ActiveCfg = Release|Any CPU
		{A5164F0A-C72F-3321-E2E2-1B9D8D41DFC0}.Release|Any CPU.Build.0 = Release|Any CPU
		{66EEE9DC-65BB-0481-096A-08A13AFD5AD6}.Debug|Any CPU.ActiveCfg = Debug|Any CPU
		{66EEE9DC-65BB-0481-096A-08A13AFD5AD6}.Debug|Any CPU.Build.0 = Debug|Any CPU
		{66EEE9DC-65BB-0481-096A-08A13AFD5AD6}.Release|Any CPU.ActiveCfg = Release|Any CPU
		{66EEE9DC-65BB-0481-096A-08A13AFD5AD6}.Release|Any CPU.Build.0 = Release|Any CPU
		{41466F2D-AB85-A30B-CFE6-5578A29BC1E8}.Debug|Any CPU.ActiveCfg = Debug|Any CPU
		{41466F2D-AB85-A30B-CFE6-5578A29BC1E8}.Debug|Any CPU.Build.0 = Debug|Any CPU
		{41466F2D-AB85-A30B-CFE6-5578A29BC1E8}.Release|Any CPU.ActiveCfg = Release|Any CPU
		{41466F2D-AB85-A30B-CFE6-5578A29BC1E8}.Release|Any CPU.Build.0 = Release|Any CPU
		{D6105CC5-9956-951D-2954-CFF1765FC72E}.Debug|Any CPU.ActiveCfg = Debug|Any CPU
		{D6105CC5-9956-951D-2954-CFF1765FC72E}.Debug|Any CPU.Build.0 = Debug|Any CPU
		{D6105CC5-9956-951D-2954-CFF1765FC72E}.Release|Any CPU.ActiveCfg = Release|Any CPU
		{D6105CC5-9956-951D-2954-CFF1765FC72E}.Release|Any CPU.Build.0 = Release|Any CPU
		{55FB0855-96E9-75B3-BFEE-6B1FAD03DFA4}.Debug|Any CPU.ActiveCfg = Debug|Any CPU
		{55FB0855-96E9-75B3-BFEE-6B1FAD03DFA4}.Debug|Any CPU.Build.0 = Debug|Any CPU
		{55FB0855-96E9-75B3-BFEE-6B1FAD03DFA4}.Release|Any CPU.ActiveCfg = Release|Any CPU
		{55FB0855-96E9-75B3-BFEE-6B1FAD03DFA4}.Release|Any CPU.Build.0 = Release|Any CPU
		{33D7BEF1-7A25-7395-DED4-DB698813BA34}.Debug|Any CPU.ActiveCfg = Debug|Any CPU
		{33D7BEF1-7A25-7395-DED4-DB698813BA34}.Debug|Any CPU.Build.0 = Debug|Any CPU
		{33D7BEF1-7A25-7395-DED4-DB698813BA34}.Release|Any CPU.ActiveCfg = Release|Any CPU
		{33D7BEF1-7A25-7395-DED4-DB698813BA34}.Release|Any CPU.Build.0 = Release|Any CPU
		{458100AC-455A-A4B9-0903-0CCA871B40F3}.Debug|Any CPU.ActiveCfg = Debug|Any CPU
		{458100AC-455A-A4B9-0903-0CCA871B40F3}.Debug|Any CPU.Build.0 = Debug|Any CPU
		{458100AC-455A-A4B9-0903-0CCA871B40F3}.Release|Any CPU.ActiveCfg = Release|Any CPU
		{458100AC-455A-A4B9-0903-0CCA871B40F3}.Release|Any CPU.Build.0 = Release|Any CPU
		{DE46C99F-74E5-CDA6-1875-FFE1E2C90799}.Debug|Any CPU.ActiveCfg = Debug|Any CPU
		{DE46C99F-74E5-CDA6-1875-FFE1E2C90799}.Debug|Any CPU.Build.0 = Debug|Any CPU
		{DE46C99F-74E5-CDA6-1875-FFE1E2C90799}.Release|Any CPU.ActiveCfg = Release|Any CPU
		{DE46C99F-74E5-CDA6-1875-FFE1E2C90799}.Release|Any CPU.Build.0 = Release|Any CPU
		{AC3429DC-C68E-A823-9426-D0898444C069}.Debug|Any CPU.ActiveCfg = Debug|Any CPU
		{AC3429DC-C68E-A823-9426-D0898444C069}.Debug|Any CPU.Build.0 = Debug|Any CPU
		{AC3429DC-C68E-A823-9426-D0898444C069}.Release|Any CPU.ActiveCfg = Release|Any CPU
		{AC3429DC-C68E-A823-9426-D0898444C069}.Release|Any CPU.Build.0 = Release|Any CPU
		{0BEF6F34-CED5-2A9E-6305-3C400F3106E8}.Debug|Any CPU.ActiveCfg = Debug|Any CPU
		{0BEF6F34-CED5-2A9E-6305-3C400F3106E8}.Debug|Any CPU.Build.0 = Debug|Any CPU
		{0BEF6F34-CED5-2A9E-6305-3C400F3106E8}.Release|Any CPU.ActiveCfg = Release|Any CPU
		{0BEF6F34-CED5-2A9E-6305-3C400F3106E8}.Release|Any CPU.Build.0 = Release|Any CPU
		{B4667488-6C8B-04E7-BF56-D707E0F290B2}.Debug|Any CPU.ActiveCfg = Debug|Any CPU
		{B4667488-6C8B-04E7-BF56-D707E0F290B2}.Debug|Any CPU.Build.0 = Debug|Any CPU
		{B4667488-6C8B-04E7-BF56-D707E0F290B2}.Release|Any CPU.ActiveCfg = Release|Any CPU
		{B4667488-6C8B-04E7-BF56-D707E0F290B2}.Release|Any CPU.Build.0 = Release|Any CPU
		{F62BB926-12D8-4794-B2B4-D09255870E64}.Debug|Any CPU.ActiveCfg = Debug|Any CPU
		{F62BB926-12D8-4794-B2B4-D09255870E64}.Debug|Any CPU.Build.0 = Debug|Any CPU
		{F62BB926-12D8-4794-B2B4-D09255870E64}.Release|Any CPU.ActiveCfg = Release|Any CPU
		{F62BB926-12D8-4794-B2B4-D09255870E64}.Release|Any CPU.Build.0 = Release|Any CPU
	EndGlobalSection
	GlobalSection(SolutionProperties) = preSolution
		HideSolutionNode = FALSE
	EndGlobalSection
	GlobalSection(NestedProjects) = preSolution
		{D8B605D5-9EB6-D1F0-3A22-1CFD96D06652} = {38EA219E-A726-46FD-ACCE-7558656F4116}
		{7C2675BF-927D-229A-1C4F-C04BC07E9B91} = {38EA219E-A726-46FD-ACCE-7558656F4116}
		{A5164F0A-C72F-3321-E2E2-1B9D8D41DFC0} = {38EA219E-A726-46FD-ACCE-7558656F4116}
		{66EEE9DC-65BB-0481-096A-08A13AFD5AD6} = {1352A304-7786-43CE-915E-8D6FFD4E0E13}
		{41466F2D-AB85-A30B-CFE6-5578A29BC1E8} = {1352A304-7786-43CE-915E-8D6FFD4E0E13}
		{D6105CC5-9956-951D-2954-CFF1765FC72E} = {1352A304-7786-43CE-915E-8D6FFD4E0E13}
		{55FB0855-96E9-75B3-BFEE-6B1FAD03DFA4} = {93EF63D2-F88C-45A8-A833-653989757DFE}
		{33D7BEF1-7A25-7395-DED4-DB698813BA34} = {93EF63D2-F88C-45A8-A833-653989757DFE}
		{458100AC-455A-A4B9-0903-0CCA871B40F3} = {93EF63D2-F88C-45A8-A833-653989757DFE}
		{AC3429DC-C68E-A823-9426-D0898444C069} = {F5309D7D-C09A-4F63-9926-BBF0D4623380}
		{0BEF6F34-CED5-2A9E-6305-3C400F3106E8} = {F5309D7D-C09A-4F63-9926-BBF0D4623380}
		{B4667488-6C8B-04E7-BF56-D707E0F290B2} = {F5309D7D-C09A-4F63-9926-BBF0D4623380}
		{F62BB926-12D8-4794-B2B4-D09255870E64} = {93EF63D2-F88C-45A8-A833-653989757DFE}
	EndGlobalSection
	GlobalSection(ExtensibilityGlobals) = postSolution
		SolutionGuid = {0063E44C-41E7-488F-ABC8-30AB4DD8226E}
	EndGlobalSection
EndGlobal
